{
  "meteor": {},
  "dependencies": {
    "basePackages": {
      "npm": {},
      "autocomplete": {},
      "scss": {}
    },
    "packages": {
      "npm": {
        "git": "https://github.com/arunoda/meteor-npm.git",
        "tag": "v0.2.6",
        "commit": "177ab6118de5bf8cffb19481343d5762ff7a2aaf"
      },
      "autocomplete": {
        "git": "https://github.com/mizzao/meteor-autocomplete.git",
        "tag": "v0.2.3",
        "commit": "bd509362d05f80fb2e8f281c865bc67dd95dd0bd"
      },
      "scss": {
        "git": "https://github.com/fourseven/meteor-scss.git",
        "tag": "v0.8.3",
        "commit": "84fa8b09766e85a9e85b5606903f4222b7dd7605"
      },
      "jquery-migrate": {
        "git": "https://github.com/canadaduane/meteor-jquery-migrate.git",
        "tag": "v2.0.0",
        "commit": "636819c9de59f66410e148867b229869bb045cea"
      }
    }
  }
}
